
Microsoft Visual Studio Solution File, Format Version 12.00
# Visual Studio Version 16
VisualStudioVersion = 16.0.30804.86
MinimumVisualStudioVersion = 10.0.40219.1
Project("{FAE04EC0-301F-11D3-BF4B-00C04F79EFBC}") = "BitCoinCalculator", "BitCoinCalculator\BitCoinCalculator.csproj", "{79D3F7E0-79B4-4E47-8444-9449A09BA928}"
EndProject
Global
	GlobalSection(SolutionConfigurationPlatforms) = preSolution
		Debug|Any CPU = Debug|Any CPU
		Release|Any CPU = Release|Any CPU
	EndGlobalSection
	GlobalSection(ProjectConfigurationPlatforms) = postSolution
		{79D3F7E0-79B4-4E47-8444-9449A09BA928}.Debug|Any CPU.ActiveCfg = Debug|Any CPU
		{79D3F7E0-79B4-4E47-8444-9449A09BA928}.Debug|Any CPU.Build.0 = Debug|Any CPU
		{79D3F7E0-79B4-4E47-8444-9449A09BA928}.Release|Any CPU.ActiveCfg = Release|Any CPU
		{79D3F7E0-79B4-4E47-8444-9449A09BA928}.Release|Any CPU.Build.0 = Release|Any CPU
	EndGlobalSection
	GlobalSection(SolutionProperties) = preSolution
		HideSolutionNode = FALSE
	EndGlobalSection
	GlobalSection(ExtensibilityGlobals) = postSolution
		SolutionGuid = {99F0C20C-FC57-45EB-B943-B53B7D18B815}
	EndGlobalSection
EndGlobal
